
Microsoft Visual Studio Solution File, Format Version 11.00
# Visual Studio 2010
Project("{8BC9CEB8-8B4A-11D0-8D11-00A0C91BC942}") = "winhlp32", "winhlp32.vcxproj", "{A99D1B2B-2C32-EB21-860B-F30308A49EDC}"
EndProject
Global
	GlobalSection(SolutionConfigurationPlatforms) = preSolution
		Debug|Win32 = Debug|Win32
		Release|Win32 = Release|Win32
	EndGlobalSection
	GlobalSection(ProjectConfigurationPlatforms) = postSolution
		{A99D1B2B-2C32-EB21-860B-F30308A49EDC}.Debug|Win32.ActiveCfg = Debug|Win32
		{A99D1B2B-2C32-EB21-860B-F30308A49EDC}.Debug|Win32.Build.0 = Debug|Win32
		{A99D1B2B-2C32-EB21-860B-F30308A49EDC}.Release|Win32.ActiveCfg = Release|Win32
		{A99D1B2B-2C32-EB21-860B-F30308A49EDC}.Release|Win32.Build.0 = Release|Win32
	EndGlobalSection
	GlobalSection(SolutionProperties) = preSolution
		HideSolutionNode = FALSE
	EndGlobalSection
EndGlobal
